// !$*UTF8*$!
{
	archiveVersion = 1;
	classes = {
	};
	objectVersion = 50;
	objects = {

/* Begin PBXBuildFile section */
		10A00924F83B68EA97A95BE7 /* Pods_TodoistTaskAdder.framework in Frameworks */ = {isa = PBXBuildFile; fileRef = D4A80E08BA7265CC0A18D1AE /* Pods_TodoistTaskAdder.framework */; };
		4C18BA992324854D00436C29 /* GitHubOAuthKeys.swift in Sources */ = {isa = PBXBuildFile; fileRef = 4C18BA982324854D00436C29 /* GitHubOAuthKeys.swift */; };
		4C18BA9B2324858300436C29 /* MashapeAPIKeys.swift in Sources */ = {isa = PBXBuildFile; fileRef = 4C18BA9A2324858300436C29 /* MashapeAPIKeys.swift */; };
		4C18BA9D232485A000436C29 /* DarkSkyAPIKeys.swift in Sources */ = {isa = PBXBuildFile; fileRef = 4C18BA9C232485A000436C29 /* DarkSkyAPIKeys.swift */; };
		4C18BAA123257B9300436C29 /* PullRouter.swift in Sources */ = {isa = PBXBuildFile; fileRef = 4C18BAA023257B9300436C29 /* PullRouter.swift */; };
		4C18BAA323257C9100436C29 /* GitHubAPIManager+Gist.swift in Sources */ = {isa = PBXBuildFile; fileRef = 4C18BAA223257C9100436C29 /* GitHubAPIManager+Gist.swift */; };
		4C18BAA523257CD100436C29 /* GitHubAPIManager+Pull.swift in Sources */ = {isa = PBXBuildFile; fileRef = 4C18BAA423257CD100436C29 /* GitHubAPIManager+Pull.swift */; };
		4C18BAAA23271B7100436C29 /* CircleCIAPIManager.swift in Sources */ = {isa = PBXBuildFile; fileRef = 4C18BAA923271B7100436C29 /* CircleCIAPIManager.swift */; };
		4C18BAAC23271B8200436C29 /* CircleCIRouter.swift in Sources */ = {isa = PBXBuildFile; fileRef = 4C18BAAB23271B8200436C29 /* CircleCIRouter.swift */; };
		4C18BAAE23271C4E00436C29 /* CircleCIAPIKeys.swift in Sources */ = {isa = PBXBuildFile; fileRef = 4C18BAAD23271C4E00436C29 /* CircleCIAPIKeys.swift */; };
		4C18BAB0232AD8AD00436C29 /* Project.swift in Sources */ = {isa = PBXBuildFile; fileRef = 4C18BAAF232AD8AD00436C29 /* Project.swift */; };
		4C18BAB223364B5900436C29 /* CreateGistViewController.swift in Sources */ = {isa = PBXBuildFile; fileRef = 4C18BAB123364B5900436C29 /* CreateGistViewController.swift */; };
		4C18BAB6233789CE00436C29 /* PersistenceManager.swift in Sources */ = {isa = PBXBuildFile; fileRef = 4C18BAB5233789CE00436C29 /* PersistenceManager.swift */; };
		4C4A1BCB274186BB00FB7111 /* PocketOAuthKeys.swift in Sources */ = {isa = PBXBuildFile; fileRef = 4C4A1BCA274186BB00FB7111 /* PocketOAuthKeys.swift */; };
		4C4A1BCD274186D300FB7111 /* StravaOAuthKeys.swift in Sources */ = {isa = PBXBuildFile; fileRef = 4C4A1BCC274186D300FB7111 /* StravaOAuthKeys.swift */; };
		4C5DBFBB230FF4250082BA48 /* AppDelegate.swift in Sources */ = {isa = PBXBuildFile; fileRef = 4C5DBFBA230FF4250082BA48 /* AppDelegate.swift */; };
		4C5DBFBD230FF4250082BA48 /* MasterViewController.swift in Sources */ = {isa = PBXBuildFile; fileRef = 4C5DBFBC230FF4250082BA48 /* MasterViewController.swift */; };
		4C5DBFBF230FF4250082BA48 /* DetailViewController.swift in Sources */ = {isa = PBXBuildFile; fileRef = 4C5DBFBE230FF4250082BA48 /* DetailViewController.swift */; };
		4C5DBFC2230FF4250082BA48 /* Main.storyboard in Resources */ = {isa = PBXBuildFile; fileRef = 4C5DBFC0230FF4250082BA48 /* Main.storyboard */; };
		4C5DBFC4230FF4250082BA48 /* Assets.xcassets in Resources */ = {isa = PBXBuildFile; fileRef = 4C5DBFC3230FF4250082BA48 /* Assets.xcassets */; };
		4C5DBFC7230FF4250082BA48 /* LaunchScreen.storyboard in Resources */ = {isa = PBXBuildFile; fileRef = 4C5DBFC5230FF4250082BA48 /* LaunchScreen.storyboard */; };
		4C5DBFCF230FF4870082BA48 /* GitHubAPIManager.swift in Sources */ = {isa = PBXBuildFile; fileRef = 4C5DBFCE230FF4870082BA48 /* GitHubAPIManager.swift */; };
		4C5DBFD1230FF5100082BA48 /* GistRouter.swift in Sources */ = {isa = PBXBuildFile; fileRef = 4C5DBFD0230FF5100082BA48 /* GistRouter.swift */; };
		4C5DBFD323100B140082BA48 /* Gist.swift in Sources */ = {isa = PBXBuildFile; fileRef = 4C5DBFD223100B140082BA48 /* Gist.swift */; };
		4C5DBFD52310115C0082BA48 /* BackendError.swift in Sources */ = {isa = PBXBuildFile; fileRef = 4C5DBFD42310115C0082BA48 /* BackendError.swift */; };
		4C5DBFD7231011FB0082BA48 /* Networking.swift in Sources */ = {isa = PBXBuildFile; fileRef = 4C5DBFD6231011FB0082BA48 /* Networking.swift */; };
		4C5DBFD92317E0C30082BA48 /* MashapeRouter.swift in Sources */ = {isa = PBXBuildFile; fileRef = 4C5DBFD82317E0C30082BA48 /* MashapeRouter.swift */; };
		4C5DBFDB231927E00082BA48 /* LoginViewController.swift in Sources */ = {isa = PBXBuildFile; fileRef = 4C5DBFDA231927E00082BA48 /* LoginViewController.swift */; };
		4C5DBFDD231928C60082BA48 /* LoginViewDelegate.swift in Sources */ = {isa = PBXBuildFile; fileRef = 4C5DBFDC231928C60082BA48 /* LoginViewDelegate.swift */; };
		4C5DBFDF23192B760082BA48 /* SafariServices.framework in Frameworks */ = {isa = PBXBuildFile; fileRef = 4C5DBFDE23192B760082BA48 /* SafariServices.framework */; };
		4CC78931232268A500FD0532 /* Athlete.swift in Sources */ = {isa = PBXBuildFile; fileRef = 4CC7892E232268A500FD0532 /* Athlete.swift */; };
		4CC78932232268A500FD0532 /* GeographyMap.swift in Sources */ = {isa = PBXBuildFile; fileRef = 4CC7892F232268A500FD0532 /* GeographyMap.swift */; };
		4CC78933232268A500FD0532 /* Exercise.swift in Sources */ = {isa = PBXBuildFile; fileRef = 4CC78930232268A500FD0532 /* Exercise.swift */; };
		4CC789352323A63B00FD0532 /* Exercise+Printer.swift in Sources */ = {isa = PBXBuildFile; fileRef = 4CC789342323A63B00FD0532 /* Exercise+Printer.swift */; };
		4CC8662C231DF25A00BCD2D0 /* StravaAPIManager.swift in Sources */ = {isa = PBXBuildFile; fileRef = 4CC8662A231DF25A00BCD2D0 /* StravaAPIManager.swift */; };
		4CC8662D231DF25A00BCD2D0 /* StravaRouter.swift in Sources */ = {isa = PBXBuildFile; fileRef = 4CC8662B231DF25A00BCD2D0 /* StravaRouter.swift */; };
		4CC8662F231DF45200BCD2D0 /* DarkSkyRouter.swift in Sources */ = {isa = PBXBuildFile; fileRef = 4CC8662E231DF45200BCD2D0 /* DarkSkyRouter.swift */; };
		4CC86631231DF4F500BCD2D0 /* DarkSkyAPIManager.swift in Sources */ = {isa = PBXBuildFile; fileRef = 4CC86630231DF4F500BCD2D0 /* DarkSkyAPIManager.swift */; };
		4CCFF532273DEE3B00B0259A /* PocketMyList.swift in Sources */ = {isa = PBXBuildFile; fileRef = 4CCFF531273DEE3B00B0259A /* PocketMyList.swift */; };
		4CF266F727384801003E06B4 /* PocketAPIManager.swift in Sources */ = {isa = PBXBuildFile; fileRef = 4CF266F627384801003E06B4 /* PocketAPIManager.swift */; };
		4CF266F927384822003E06B4 /* PocketRouter.swift in Sources */ = {isa = PBXBuildFile; fileRef = 4CF266F827384822003E06B4 /* PocketRouter.swift */; };
/* End PBXBuildFile section */

/* Begin PBXFileReference section */
		3A5C9E5DEDC7EA05AB51C976 /* Pods-TableViewWithREST.debug.xcconfig */ = {isa = PBXFileReference; includeInIndex = 1; lastKnownFileType = text.xcconfig; name = "Pods-TableViewWithREST.debug.xcconfig"; path = "Pods/Target Support Files/Pods-TableViewWithREST/Pods-TableViewWithREST.debug.xcconfig"; sourceTree = "<group>"; };
		4C18BA982324854D00436C29 /* GitHubOAuthKeys.swift */ = {isa = PBXFileReference; fileEncoding = 4; lastKnownFileType = sourcecode.swift; name = GitHubOAuthKeys.swift; path = OAuthKeys/GitHubOAuthKeys.swift; sourceTree = SOURCE_ROOT; };
		4C18BA9A2324858300436C29 /* MashapeAPIKeys.swift */ = {isa = PBXFileReference; fileEncoding = 4; lastKnownFileType = sourcecode.swift; name = MashapeAPIKeys.swift; path = OAuthKeys/MashapeAPIKeys.swift; sourceTree = SOURCE_ROOT; };
		4C18BA9C232485A000436C29 /* DarkSkyAPIKeys.swift */ = {isa = PBXFileReference; fileEncoding = 4; lastKnownFileType = sourcecode.swift; name = DarkSkyAPIKeys.swift; path = OAuthKeys/DarkSkyAPIKeys.swift; sourceTree = SOURCE_ROOT; };
		4C18BAA023257B9300436C29 /* PullRouter.swift */ = {isa = PBXFileReference; lastKnownFileType = sourcecode.swift; path = PullRouter.swift; sourceTree = "<group>"; };
		4C18BAA223257C9100436C29 /* GitHubAPIManager+Gist.swift */ = {isa = PBXFileReference; lastKnownFileType = sourcecode.swift; path = "GitHubAPIManager+Gist.swift"; sourceTree = "<group>"; };
		4C18BAA423257CD100436C29 /* GitHubAPIManager+Pull.swift */ = {isa = PBXFileReference; lastKnownFileType = sourcecode.swift; path = "GitHubAPIManager+Pull.swift"; sourceTree = "<group>"; };
		4C18BAA923271B7100436C29 /* CircleCIAPIManager.swift */ = {isa = PBXFileReference; lastKnownFileType = sourcecode.swift; path = CircleCIAPIManager.swift; sourceTree = "<group>"; };
		4C18BAAB23271B8200436C29 /* CircleCIRouter.swift */ = {isa = PBXFileReference; lastKnownFileType = sourcecode.swift; path = CircleCIRouter.swift; sourceTree = "<group>"; };
		4C18BAAD23271C4E00436C29 /* CircleCIAPIKeys.swift */ = {isa = PBXFileReference; fileEncoding = 4; lastKnownFileType = sourcecode.swift; name = CircleCIAPIKeys.swift; path = OAuthKeys/CircleCIAPIKeys.swift; sourceTree = SOURCE_ROOT; };
		4C18BAAF232AD8AD00436C29 /* Project.swift */ = {isa = PBXFileReference; lastKnownFileType = sourcecode.swift; path = Project.swift; sourceTree = "<group>"; };
		4C18BAB123364B5900436C29 /* CreateGistViewController.swift */ = {isa = PBXFileReference; lastKnownFileType = sourcecode.swift; path = CreateGistViewController.swift; sourceTree = "<group>"; };
		4C18BAB5233789CE00436C29 /* PersistenceManager.swift */ = {isa = PBXFileReference; fileEncoding = 4; lastKnownFileType = sourcecode.swift; path = PersistenceManager.swift; sourceTree = "<group>"; };
		4C4A1BCA274186BB00FB7111 /* PocketOAuthKeys.swift */ = {isa = PBXFileReference; fileEncoding = 4; lastKnownFileType = sourcecode.swift; name = PocketOAuthKeys.swift; path = OAuthKeys/PocketOAuthKeys.swift; sourceTree = SOURCE_ROOT; };
		4C4A1BCC274186D300FB7111 /* StravaOAuthKeys.swift */ = {isa = PBXFileReference; fileEncoding = 4; lastKnownFileType = sourcecode.swift; name = StravaOAuthKeys.swift; path = OAuthKeys/StravaOAuthKeys.swift; sourceTree = SOURCE_ROOT; };
		4C5DBFB7230FF4250082BA48 /* TodoistTaskAdder.app */ = {isa = PBXFileReference; explicitFileType = wrapper.application; includeInIndex = 0; path = TodoistTaskAdder.app; sourceTree = BUILT_PRODUCTS_DIR; };
		4C5DBFBA230FF4250082BA48 /* AppDelegate.swift */ = {isa = PBXFileReference; lastKnownFileType = sourcecode.swift; path = AppDelegate.swift; sourceTree = "<group>"; };
		4C5DBFBC230FF4250082BA48 /* MasterViewController.swift */ = {isa = PBXFileReference; lastKnownFileType = sourcecode.swift; path = MasterViewController.swift; sourceTree = "<group>"; };
		4C5DBFBE230FF4250082BA48 /* DetailViewController.swift */ = {isa = PBXFileReference; lastKnownFileType = sourcecode.swift; path = DetailViewController.swift; sourceTree = "<group>"; };
		4C5DBFC1230FF4250082BA48 /* Base */ = {isa = PBXFileReference; lastKnownFileType = file.storyboard; name = Base; path = Base.lproj/Main.storyboard; sourceTree = "<group>"; };
		4C5DBFC3230FF4250082BA48 /* Assets.xcassets */ = {isa = PBXFileReference; lastKnownFileType = folder.assetcatalog; path = Assets.xcassets; sourceTree = "<group>"; };
		4C5DBFC6230FF4250082BA48 /* Base */ = {isa = PBXFileReference; lastKnownFileType = file.storyboard; name = Base; path = Base.lproj/LaunchScreen.storyboard; sourceTree = "<group>"; };
		4C5DBFC8230FF4250082BA48 /* Info.plist */ = {isa = PBXFileReference; lastKnownFileType = text.plist.xml; path = Info.plist; sourceTree = "<group>"; };
		4C5DBFCE230FF4870082BA48 /* GitHubAPIManager.swift */ = {isa = PBXFileReference; lastKnownFileType = sourcecode.swift; path = GitHubAPIManager.swift; sourceTree = "<group>"; };
		4C5DBFD0230FF5100082BA48 /* GistRouter.swift */ = {isa = PBXFileReference; lastKnownFileType = sourcecode.swift; path = GistRouter.swift; sourceTree = "<group>"; };
		4C5DBFD223100B140082BA48 /* Gist.swift */ = {isa = PBXFileReference; lastKnownFileType = sourcecode.swift; path = Gist.swift; sourceTree = "<group>"; };
		4C5DBFD42310115C0082BA48 /* BackendError.swift */ = {isa = PBXFileReference; lastKnownFileType = sourcecode.swift; path = BackendError.swift; sourceTree = "<group>"; };
		4C5DBFD6231011FB0082BA48 /* Networking.swift */ = {isa = PBXFileReference; lastKnownFileType = sourcecode.swift; path = Networking.swift; sourceTree = "<group>"; };
		4C5DBFD82317E0C30082BA48 /* MashapeRouter.swift */ = {isa = PBXFileReference; lastKnownFileType = sourcecode.swift; path = MashapeRouter.swift; sourceTree = "<group>"; };
		4C5DBFDA231927E00082BA48 /* LoginViewController.swift */ = {isa = PBXFileReference; lastKnownFileType = sourcecode.swift; path = LoginViewController.swift; sourceTree = "<group>"; };
		4C5DBFDC231928C60082BA48 /* LoginViewDelegate.swift */ = {isa = PBXFileReference; lastKnownFileType = sourcecode.swift; path = LoginViewDelegate.swift; sourceTree = "<group>"; };
		4C5DBFDE23192B760082BA48 /* SafariServices.framework */ = {isa = PBXFileReference; lastKnownFileType = wrapper.framework; name = SafariServices.framework; path = System/Library/Frameworks/SafariServices.framework; sourceTree = SDKROOT; };
		4CC7892E232268A500FD0532 /* Athlete.swift */ = {isa = PBXFileReference; fileEncoding = 4; lastKnownFileType = sourcecode.swift; path = Athlete.swift; sourceTree = "<group>"; };
		4CC7892F232268A500FD0532 /* GeographyMap.swift */ = {isa = PBXFileReference; fileEncoding = 4; lastKnownFileType = sourcecode.swift; path = GeographyMap.swift; sourceTree = "<group>"; };
		4CC78930232268A500FD0532 /* Exercise.swift */ = {isa = PBXFileReference; fileEncoding = 4; lastKnownFileType = sourcecode.swift; path = Exercise.swift; sourceTree = "<group>"; };
		4CC789342323A63B00FD0532 /* Exercise+Printer.swift */ = {isa = PBXFileReference; lastKnownFileType = sourcecode.swift; path = "Exercise+Printer.swift"; sourceTree = "<group>"; };
		4CC8662A231DF25A00BCD2D0 /* StravaAPIManager.swift */ = {isa = PBXFileReference; fileEncoding = 4; lastKnownFileType = sourcecode.swift; path = StravaAPIManager.swift; sourceTree = "<group>"; };
		4CC8662B231DF25A00BCD2D0 /* StravaRouter.swift */ = {isa = PBXFileReference; fileEncoding = 4; lastKnownFileType = sourcecode.swift; path = StravaRouter.swift; sourceTree = "<group>"; };
		4CC8662E231DF45200BCD2D0 /* DarkSkyRouter.swift */ = {isa = PBXFileReference; lastKnownFileType = sourcecode.swift; path = DarkSkyRouter.swift; sourceTree = "<group>"; };
		4CC86630231DF4F500BCD2D0 /* DarkSkyAPIManager.swift */ = {isa = PBXFileReference; lastKnownFileType = sourcecode.swift; path = DarkSkyAPIManager.swift; sourceTree = "<group>"; };
		4CCFF531273DEE3B00B0259A /* PocketMyList.swift */ = {isa = PBXFileReference; lastKnownFileType = sourcecode.swift; path = PocketMyList.swift; sourceTree = "<group>"; };
		4CF266F627384801003E06B4 /* PocketAPIManager.swift */ = {isa = PBXFileReference; lastKnownFileType = sourcecode.swift; path = PocketAPIManager.swift; sourceTree = "<group>"; };
		4CF266F827384822003E06B4 /* PocketRouter.swift */ = {isa = PBXFileReference; lastKnownFileType = sourcecode.swift; path = PocketRouter.swift; sourceTree = "<group>"; };
		83DFAFE9C5C9674D24644390 /* Pods-TableViewWithREST.release.xcconfig */ = {isa = PBXFileReference; includeInIndex = 1; lastKnownFileType = text.xcconfig; name = "Pods-TableViewWithREST.release.xcconfig"; path = "Pods/Target Support Files/Pods-TableViewWithREST/Pods-TableViewWithREST.release.xcconfig"; sourceTree = "<group>"; };
		94164294AA7FA539FB12D313 /* Pods-TodoistTaskAdder.debug.xcconfig */ = {isa = PBXFileReference; includeInIndex = 1; lastKnownFileType = text.xcconfig; name = "Pods-TodoistTaskAdder.debug.xcconfig"; path = "Pods/Target Support Files/Pods-TodoistTaskAdder/Pods-TodoistTaskAdder.debug.xcconfig"; sourceTree = "<group>"; };
		D4A80E08BA7265CC0A18D1AE /* Pods_TodoistTaskAdder.framework */ = {isa = PBXFileReference; explicitFileType = wrapper.framework; includeInIndex = 0; path = Pods_TodoistTaskAdder.framework; sourceTree = BUILT_PRODUCTS_DIR; };
		D77006952DEAA1A6BDE5BA12 /* Pods-TodoistTaskAdder.release.xcconfig */ = {isa = PBXFileReference; includeInIndex = 1; lastKnownFileType = text.xcconfig; name = "Pods-TodoistTaskAdder.release.xcconfig"; path = "Pods/Target Support Files/Pods-TodoistTaskAdder/Pods-TodoistTaskAdder.release.xcconfig"; sourceTree = "<group>"; };
/* End PBXFileReference section */

/* Begin PBXFrameworksBuildPhase section */
		4C5DBFB4230FF4250082BA48 /* Frameworks */ = {
			isa = PBXFrameworksBuildPhase;
			buildActionMask = 2147483647;
			files = (
				4C5DBFDF23192B760082BA48 /* SafariServices.framework in Frameworks */,
				10A00924F83B68EA97A95BE7 /* Pods_TodoistTaskAdder.framework in Frameworks */,
			);
			runOnlyForDeploymentPostprocessing = 0;
		};
/* End PBXFrameworksBuildPhase section */

/* Begin PBXGroup section */
		4C18BA95232481AE00436C29 /* Gist */ = {
			isa = PBXGroup;
			children = (
				4C18BA982324854D00436C29 /* GitHubOAuthKeys.swift */,
				4C5DBFCE230FF4870082BA48 /* GitHubAPIManager.swift */,
				4C18BAA223257C9100436C29 /* GitHubAPIManager+Gist.swift */,
				4C18BAA423257CD100436C29 /* GitHubAPIManager+Pull.swift */,
				4C5DBFD0230FF5100082BA48 /* GistRouter.swift */,
				4C18BAA023257B9300436C29 /* PullRouter.swift */,
				4C5DBFD223100B140082BA48 /* Gist.swift */,
			);
			path = Gist;
			sourceTree = "<group>";
		};
		4C18BA96232481BF00436C29 /* Mashape */ = {
			isa = PBXGroup;
			children = (
				4C18BA9A2324858300436C29 /* MashapeAPIKeys.swift */,
				4C5DBFD82317E0C30082BA48 /* MashapeRouter.swift */,
			);
			path = Mashape;
			sourceTree = "<group>";
		};
		4C18BA97232481C900436C29 /* DarkSky */ = {
			isa = PBXGroup;
			children = (
				4C18BA9C232485A000436C29 /* DarkSkyAPIKeys.swift */,
				4CC86630231DF4F500BCD2D0 /* DarkSkyAPIManager.swift */,
				4CC8662E231DF45200BCD2D0 /* DarkSkyRouter.swift */,
			);
			path = DarkSky;
			sourceTree = "<group>";
		};
		4C18BA9E2324863D00436C29 /* Networking */ = {
			isa = PBXGroup;
			children = (
				4C5DBFD42310115C0082BA48 /* BackendError.swift */,
				4C5DBFD6231011FB0082BA48 /* Networking.swift */,
			);
			path = Networking;
			sourceTree = "<group>";
		};
		4C18BA9F2324864600436C29 /* UI */ = {
			isa = PBXGroup;
			children = (
				4C5DBFBC230FF4250082BA48 /* MasterViewController.swift */,
				4C5DBFBE230FF4250082BA48 /* DetailViewController.swift */,
				4C18BAB123364B5900436C29 /* CreateGistViewController.swift */,
				4C5DBFC0230FF4250082BA48 /* Main.storyboard */,
				4C5DBFC5230FF4250082BA48 /* LaunchScreen.storyboard */,
				4C5DBFDA231927E00082BA48 /* LoginViewController.swift */,
				4C5DBFDC231928C60082BA48 /* LoginViewDelegate.swift */,
			);
			path = UI;
			sourceTree = "<group>";
		};
		4C18BAA823271B4700436C29 /* CircleCI */ = {
			isa = PBXGroup;
			children = (
				4C18BAAD23271C4E00436C29 /* CircleCIAPIKeys.swift */,
				4C18BAA923271B7100436C29 /* CircleCIAPIManager.swift */,
				4C18BAAB23271B8200436C29 /* CircleCIRouter.swift */,
				4C18BAAF232AD8AD00436C29 /* Project.swift */,
			);
			path = CircleCI;
			sourceTree = "<group>";
		};
		4C5DBFAE230FF4250082BA48 = {
			isa = PBXGroup;
			children = (
				4C5DBFB9230FF4250082BA48 /* TodoistTaskAdder */,
				4C5DBFB8230FF4250082BA48 /* Products */,
				B10DCF25A54D446180310B98 /* Pods */,
				7838BA0545CD7593C7F7285E /* Frameworks */,
			);
			sourceTree = "<group>";
		};
		4C5DBFB8230FF4250082BA48 /* Products */ = {
			isa = PBXGroup;
			children = (
				4C5DBFB7230FF4250082BA48 /* TodoistTaskAdder.app */,
			);
			name = Products;
			sourceTree = "<group>";
		};
		4C5DBFB9230FF4250082BA48 /* TodoistTaskAdder */ = {
			isa = PBXGroup;
			children = (
				4C18BA9F2324864600436C29 /* UI */,
				4C18BA9E2324863D00436C29 /* Networking */,
				4C18BA97232481C900436C29 /* DarkSky */,
				4C18BA96232481BF00436C29 /* Mashape */,
				4C18BA95232481AE00436C29 /* Gist */,
				4CC7892D2322689300FD0532 /* Strava */,
				4C18BAA823271B4700436C29 /* CircleCI */,
				4CF266F32738478D003E06B4 /* Pocket */,
				4C5DBFBA230FF4250082BA48 /* AppDelegate.swift */,
				4C18BAB5233789CE00436C29 /* PersistenceManager.swift */,
				4C5DBFC3230FF4250082BA48 /* Assets.xcassets */,
				4C5DBFC8230FF4250082BA48 /* Info.plist */,
			);
			path = TodoistTaskAdder;
			sourceTree = "<group>";
		};
		4CC7892D2322689300FD0532 /* Strava */ = {
			isa = PBXGroup;
			children = (
				4C4A1BCC274186D300FB7111 /* StravaOAuthKeys.swift */,
				4CC7892E232268A500FD0532 /* Athlete.swift */,
				4CC78930232268A500FD0532 /* Exercise.swift */,
				4CC789342323A63B00FD0532 /* Exercise+Printer.swift */,
				4CC7892F232268A500FD0532 /* GeographyMap.swift */,
				4CC8662A231DF25A00BCD2D0 /* StravaAPIManager.swift */,
				4CC8662B231DF25A00BCD2D0 /* StravaRouter.swift */,
			);
			path = Strava;
			sourceTree = "<group>";
		};
		4CF266F32738478D003E06B4 /* Pocket */ = {
			isa = PBXGroup;
			children = (
				4C4A1BCA274186BB00FB7111 /* PocketOAuthKeys.swift */,
				4CF266F627384801003E06B4 /* PocketAPIManager.swift */,
				4CF266F827384822003E06B4 /* PocketRouter.swift */,
				4CCFF531273DEE3B00B0259A /* PocketMyList.swift */,
			);
			path = Pocket;
			sourceTree = "<group>";
		};
		7838BA0545CD7593C7F7285E /* Frameworks */ = {
			isa = PBXGroup;
			children = (
				4C5DBFDE23192B760082BA48 /* SafariServices.framework */,
				D4A80E08BA7265CC0A18D1AE /* Pods_TodoistTaskAdder.framework */,
			);
			name = Frameworks;
			sourceTree = "<group>";
		};
		B10DCF25A54D446180310B98 /* Pods */ = {
			isa = PBXGroup;
			children = (
				3A5C9E5DEDC7EA05AB51C976 /* Pods-TableViewWithREST.debug.xcconfig */,
				83DFAFE9C5C9674D24644390 /* Pods-TableViewWithREST.release.xcconfig */,
				94164294AA7FA539FB12D313 /* Pods-TodoistTaskAdder.debug.xcconfig */,
				D77006952DEAA1A6BDE5BA12 /* Pods-TodoistTaskAdder.release.xcconfig */,
			);
			name = Pods;
			sourceTree = "<group>";
		};
/* End PBXGroup section */

/* Begin PBXNativeTarget section */
		4C5DBFB6230FF4250082BA48 /* TodoistTaskAdder */ = {
			isa = PBXNativeTarget;
			buildConfigurationList = 4C5DBFCB230FF4250082BA48 /* Build configuration list for PBXNativeTarget "TodoistTaskAdder" */;
			buildPhases = (
				7EC8DC5F60019651BCAD95C8 /* [CP] Check Pods Manifest.lock */,
				4C5DBFB3230FF4250082BA48 /* Sources */,
				4C5DBFB4230FF4250082BA48 /* Frameworks */,
				4C5DBFB5230FF4250082BA48 /* Resources */,
				94474AFBCC136F5FA70CD447 /* [CP] Embed Pods Frameworks */,
			);
			buildRules = (
			);
			dependencies = (
			);
			name = TodoistTaskAdder;
			productName = TableViewWithREST;
			productReference = 4C5DBFB7230FF4250082BA48 /* TodoistTaskAdder.app */;
			productType = "com.apple.product-type.application";
		};
/* End PBXNativeTarget section */

/* Begin PBXProject section */
		4C5DBFAF230FF4250082BA48 /* Project object */ = {
			isa = PBXProject;
			attributes = {
				LastSwiftUpdateCheck = 1030;
				LastUpgradeCheck = 1030;
				ORGANIZATIONNAME = charland;
				TargetAttributes = {
					4C5DBFB6230FF4250082BA48 = {
						CreatedOnToolsVersion = 10.3;
					};
				};
			};
			buildConfigurationList = 4C5DBFB2230FF4250082BA48 /* Build configuration list for PBXProject "TodoistTaskAdder" */;
			compatibilityVersion = "Xcode 9.3";
			developmentRegion = en;
			hasScannedForEncodings = 0;
			knownRegions = (
				en,
				Base,
			);
			mainGroup = 4C5DBFAE230FF4250082BA48;
			productRefGroup = 4C5DBFB8230FF4250082BA48 /* Products */;
			projectDirPath = "";
			projectRoot = "";
			targets = (
				4C5DBFB6230FF4250082BA48 /* TodoistTaskAdder */,
			);
		};
/* End PBXProject section */

/* Begin PBXResourcesBuildPhase section */
		4C5DBFB5230FF4250082BA48 /* Resources */ = {
			isa = PBXResourcesBuildPhase;
			buildActionMask = 2147483647;
			files = (
				4C5DBFC7230FF4250082BA48 /* LaunchScreen.storyboard in Resources */,
				4C5DBFC4230FF4250082BA48 /* Assets.xcassets in Resources */,
				4C5DBFC2230FF4250082BA48 /* Main.storyboard in Resources */,
			);
			runOnlyForDeploymentPostprocessing = 0;
		};
/* End PBXResourcesBuildPhase section */

/* Begin PBXShellScriptBuildPhase section */
		7EC8DC5F60019651BCAD95C8 /* [CP] Check Pods Manifest.lock */ = {
			isa = PBXShellScriptBuildPhase;
			buildActionMask = 2147483647;
			files = (
			);
			inputFileListPaths = (
			);
			inputPaths = (
				"${PODS_PODFILE_DIR_PATH}/Podfile.lock",
				"${PODS_ROOT}/Manifest.lock",
			);
			name = "[CP] Check Pods Manifest.lock";
			outputFileListPaths = (
			);
			outputPaths = (
				"$(DERIVED_FILE_DIR)/Pods-TodoistTaskAdder-checkManifestLockResult.txt",
			);
			runOnlyForDeploymentPostprocessing = 0;
			shellPath = /bin/sh;
			shellScript = "diff \"${PODS_PODFILE_DIR_PATH}/Podfile.lock\" \"${PODS_ROOT}/Manifest.lock\" > /dev/null\nif [ $? != 0 ] ; then\n    # print error to STDERR\n    echo \"error: The sandbox is not in sync with the Podfile.lock. Run 'pod install' or update your CocoaPods installation.\" >&2\n    exit 1\nfi\n# This output is used by Xcode 'outputs' to avoid re-running this script phase.\necho \"SUCCESS\" > \"${SCRIPT_OUTPUT_FILE_0}\"\n";
			showEnvVarsInLog = 0;
		};
		94474AFBCC136F5FA70CD447 /* [CP] Embed Pods Frameworks */ = {
			isa = PBXShellScriptBuildPhase;
			buildActionMask = 2147483647;
			files = (
			);
			inputFileListPaths = (
				"${PODS_ROOT}/Target Support Files/Pods-TodoistTaskAdder/Pods-TodoistTaskAdder-frameworks-${CONFIGURATION}-input-files.xcfilelist",
			);
			name = "[CP] Embed Pods Frameworks";
			outputFileListPaths = (
				"${PODS_ROOT}/Target Support Files/Pods-TodoistTaskAdder/Pods-TodoistTaskAdder-frameworks-${CONFIGURATION}-output-files.xcfilelist",
			);
			runOnlyForDeploymentPostprocessing = 0;
			shellPath = /bin/sh;
			shellScript = "\"${PODS_ROOT}/Target Support Files/Pods-TodoistTaskAdder/Pods-TodoistTaskAdder-frameworks.sh\"\n";
			showEnvVarsInLog = 0;
		};
/* End PBXShellScriptBuildPhase section */

/* Begin PBXSourcesBuildPhase section */
		4C5DBFB3230FF4250082BA48 /* Sources */ = {
			isa = PBXSourcesBuildPhase;
			buildActionMask = 2147483647;
			files = (
				4C18BAAE23271C4E00436C29 /* CircleCIAPIKeys.swift in Sources */,
				4C5DBFBF230FF4250082BA48 /* DetailViewController.swift in Sources */,
				4C5DBFCF230FF4870082BA48 /* GitHubAPIManager.swift in Sources */,
				4C5DBFD323100B140082BA48 /* Gist.swift in Sources */,
				4CC86631231DF4F500BCD2D0 /* DarkSkyAPIManager.swift in Sources */,
				4CC78932232268A500FD0532 /* GeographyMap.swift in Sources */,
				4C5DBFDB231927E00082BA48 /* LoginViewController.swift in Sources */,
				4C4A1BCB274186BB00FB7111 /* PocketOAuthKeys.swift in Sources */,
				4CC789352323A63B00FD0532 /* Exercise+Printer.swift in Sources */,
				4C5DBFD92317E0C30082BA48 /* MashapeRouter.swift in Sources */,
				4C4A1BCD274186D300FB7111 /* StravaOAuthKeys.swift in Sources */,
				4C5DBFD7231011FB0082BA48 /* Networking.swift in Sources */,
				4C18BAA123257B9300436C29 /* PullRouter.swift in Sources */,
				4C5DBFD52310115C0082BA48 /* BackendError.swift in Sources */,
				4C5DBFDD231928C60082BA48 /* LoginViewDelegate.swift in Sources */,
				4C5DBFBD230FF4250082BA48 /* MasterViewController.swift in Sources */,
				4C18BA9D232485A000436C29 /* DarkSkyAPIKeys.swift in Sources */,
				4C18BAAC23271B8200436C29 /* CircleCIRouter.swift in Sources */,
				4C18BAAA23271B7100436C29 /* CircleCIAPIManager.swift in Sources */,
				4CC78933232268A500FD0532 /* Exercise.swift in Sources */,
				4CC8662D231DF25A00BCD2D0 /* StravaRouter.swift in Sources */,
				4C18BAB6233789CE00436C29 /* PersistenceManager.swift in Sources */,
				4C18BA992324854D00436C29 /* GitHubOAuthKeys.swift in Sources */,
				4C5DBFD1230FF5100082BA48 /* GistRouter.swift in Sources */,
				4CC8662F231DF45200BCD2D0 /* DarkSkyRouter.swift in Sources */,
				4C5DBFBB230FF4250082BA48 /* AppDelegate.swift in Sources */,
				4CF266F727384801003E06B4 /* PocketAPIManager.swift in Sources */,
				4C18BAB0232AD8AD00436C29 /* Project.swift in Sources */,
				4C18BAB223364B5900436C29 /* CreateGistViewController.swift in Sources */,
				4CF266F927384822003E06B4 /* PocketRouter.swift in Sources */,
				4C18BA9B2324858300436C29 /* MashapeAPIKeys.swift in Sources */,
				4CC8662C231DF25A00BCD2D0 /* StravaAPIManager.swift in Sources */,
				4C18BAA523257CD100436C29 /* GitHubAPIManager+Pull.swift in Sources */,
				4C18BAA323257C9100436C29 /* GitHubAPIManager+Gist.swift in Sources */,
				4CCFF532273DEE3B00B0259A /* PocketMyList.swift in Sources */,
				4CC78931232268A500FD0532 /* Athlete.swift in Sources */,
			);
			runOnlyForDeploymentPostprocessing = 0;
		};
/* End PBXSourcesBuildPhase section */

/* Begin PBXVariantGroup section */
		4C5DBFC0230FF4250082BA48 /* Main.storyboard */ = {
			isa = PBXVariantGroup;
			children = (
				4C5DBFC1230FF4250082BA48 /* Base */,
			);
			name = Main.storyboard;
			sourceTree = "<group>";
		};
		4C5DBFC5230FF4250082BA48 /* LaunchScreen.storyboard */ = {
			isa = PBXVariantGroup;
			children = (
				4C5DBFC6230FF4250082BA48 /* Base */,
			);
			name = LaunchScreen.storyboard;
			sourceTree = "<group>";
		};
/* End PBXVariantGroup section */

/* Begin XCBuildConfiguration section */
		4C5DBFC9230FF4250082BA48 /* Debug */ = {
			isa = XCBuildConfiguration;
			buildSettings = {
				ALWAYS_SEARCH_USER_PATHS = NO;
				CLANG_ANALYZER_NONNULL = YES;
				CLANG_ANALYZER_NUMBER_OBJECT_CONVERSION = YES_AGGRESSIVE;
				CLANG_CXX_LANGUAGE_STANDARD = "gnu++14";
				CLANG_CXX_LIBRARY = "libc++";
				CLANG_ENABLE_MODULES = YES;
				CLANG_ENABLE_OBJC_ARC = YES;
				CLANG_ENABLE_OBJC_WEAK = YES;
				CLANG_WARN_BLOCK_CAPTURE_AUTORELEASING = YES;
				CLANG_WARN_BOOL_CONVERSION = YES;
				CLANG_WARN_COMMA = YES;
				CLANG_WARN_CONSTANT_CONVERSION = YES;
				CLANG_WARN_DEPRECATED_OBJC_IMPLEMENTATIONS = YES;
				CLANG_WARN_DIRECT_OBJC_ISA_USAGE = YES_ERROR;
				CLANG_WARN_DOCUMENTATION_COMMENTS = YES;
				CLANG_WARN_EMPTY_BODY = YES;
				CLANG_WARN_ENUM_CONVERSION = YES;
				CLANG_WARN_INFINITE_RECURSION = YES;
				CLANG_WARN_INT_CONVERSION = YES;
				CLANG_WARN_NON_LITERAL_NULL_CONVERSION = YES;
				CLANG_WARN_OBJC_IMPLICIT_RETAIN_SELF = YES;
				CLANG_WARN_OBJC_LITERAL_CONVERSION = YES;
				CLANG_WARN_OBJC_ROOT_CLASS = YES_ERROR;
				CLANG_WARN_RANGE_LOOP_ANALYSIS = YES;
				CLANG_WARN_STRICT_PROTOTYPES = YES;
				CLANG_WARN_SUSPICIOUS_MOVE = YES;
				CLANG_WARN_UNGUARDED_AVAILABILITY = YES_AGGRESSIVE;
				CLANG_WARN_UNREACHABLE_CODE = YES;
				CLANG_WARN__DUPLICATE_METHOD_MATCH = YES;
				CODE_SIGN_IDENTITY = "iPhone Developer";
				COPY_PHASE_STRIP = NO;
				DEBUG_INFORMATION_FORMAT = dwarf;
				ENABLE_STRICT_OBJC_MSGSEND = YES;
				ENABLE_TESTABILITY = YES;
				GCC_C_LANGUAGE_STANDARD = gnu11;
				GCC_DYNAMIC_NO_PIC = NO;
				GCC_NO_COMMON_BLOCKS = YES;
				GCC_OPTIMIZATION_LEVEL = 0;
				GCC_PREPROCESSOR_DEFINITIONS = (
					"DEBUG=1",
					"$(inherited)",
				);
				GCC_WARN_64_TO_32_BIT_CONVERSION = YES;
				GCC_WARN_ABOUT_RETURN_TYPE = YES_ERROR;
				GCC_WARN_UNDECLARED_SELECTOR = YES;
				GCC_WARN_UNINITIALIZED_AUTOS = YES_AGGRESSIVE;
				GCC_WARN_UNUSED_FUNCTION = YES;
				GCC_WARN_UNUSED_VARIABLE = YES;
				IPHONEOS_DEPLOYMENT_TARGET = 12.4;
				MTL_ENABLE_DEBUG_INFO = INCLUDE_SOURCE;
				MTL_FAST_MATH = YES;
				ONLY_ACTIVE_ARCH = YES;
				SDKROOT = iphoneos;
				SWIFT_ACTIVE_COMPILATION_CONDITIONS = DEBUG;
				SWIFT_OPTIMIZATION_LEVEL = "-Onone";
			};
			name = Debug;
		};
		4C5DBFCA230FF4250082BA48 /* Release */ = {
			isa = XCBuildConfiguration;
			buildSettings = {
				ALWAYS_SEARCH_USER_PATHS = NO;
				CLANG_ANALYZER_NONNULL = YES;
				CLANG_ANALYZER_NUMBER_OBJECT_CONVERSION = YES_AGGRESSIVE;
				CLANG_CXX_LANGUAGE_STANDARD = "gnu++14";
				CLANG_CXX_LIBRARY = "libc++";
				CLANG_ENABLE_MODULES = YES;
				CLANG_ENABLE_OBJC_ARC = YES;
				CLANG_ENABLE_OBJC_WEAK = YES;
				CLANG_WARN_BLOCK_CAPTURE_AUTORELEASING = YES;
				CLANG_WARN_BOOL_CONVERSION = YES;
				CLANG_WARN_COMMA = YES;
				CLANG_WARN_CONSTANT_CONVERSION = YES;
				CLANG_WARN_DEPRECATED_OBJC_IMPLEMENTATIONS = YES;
				CLANG_WARN_DIRECT_OBJC_ISA_USAGE = YES_ERROR;
				CLANG_WARN_DOCUMENTATION_COMMENTS = YES;
				CLANG_WARN_EMPTY_BODY = YES;
				CLANG_WARN_ENUM_CONVERSION = YES;
				CLANG_WARN_INFINITE_RECURSION = YES;
				CLANG_WARN_INT_CONVERSION = YES;
				CLANG_WARN_NON_LITERAL_NULL_CONVERSION = YES;
				CLANG_WARN_OBJC_IMPLICIT_RETAIN_SELF = YES;
				CLANG_WARN_OBJC_LITERAL_CONVERSION = YES;
				CLANG_WARN_OBJC_ROOT_CLASS = YES_ERROR;
				CLANG_WARN_RANGE_LOOP_ANALYSIS = YES;
				CLANG_WARN_STRICT_PROTOTYPES = YES;
				CLANG_WARN_SUSPICIOUS_MOVE = YES;
				CLANG_WARN_UNGUARDED_AVAILABILITY = YES_AGGRESSIVE;
				CLANG_WARN_UNREACHABLE_CODE = YES;
				CLANG_WARN__DUPLICATE_METHOD_MATCH = YES;
				CODE_SIGN_IDENTITY = "iPhone Developer";
				COPY_PHASE_STRIP = NO;
				DEBUG_INFORMATION_FORMAT = "dwarf-with-dsym";
				ENABLE_NS_ASSERTIONS = NO;
				ENABLE_STRICT_OBJC_MSGSEND = YES;
				GCC_C_LANGUAGE_STANDARD = gnu11;
				GCC_NO_COMMON_BLOCKS = YES;
				GCC_WARN_64_TO_32_BIT_CONVERSION = YES;
				GCC_WARN_ABOUT_RETURN_TYPE = YES_ERROR;
				GCC_WARN_UNDECLARED_SELECTOR = YES;
				GCC_WARN_UNINITIALIZED_AUTOS = YES_AGGRESSIVE;
				GCC_WARN_UNUSED_FUNCTION = YES;
				GCC_WARN_UNUSED_VARIABLE = YES;
				IPHONEOS_DEPLOYMENT_TARGET = 12.4;
				MTL_ENABLE_DEBUG_INFO = NO;
				MTL_FAST_MATH = YES;
				SDKROOT = iphoneos;
				SWIFT_COMPILATION_MODE = wholemodule;
				SWIFT_OPTIMIZATION_LEVEL = "-O";
				VALIDATE_PRODUCT = YES;
			};
			name = Release;
		};
		4C5DBFCC230FF4250082BA48 /* Debug */ = {
			isa = XCBuildConfiguration;
			baseConfigurationReference = 94164294AA7FA539FB12D313 /* Pods-TodoistTaskAdder.debug.xcconfig */;
			buildSettings = {
				ASSETCATALOG_COMPILER_APPICON_NAME = AppIcon;
				CODE_SIGN_STYLE = Automatic;
				DEVELOPMENT_TEAM = CY96495443;
				INFOPLIST_FILE = TodoistTaskAdder/Info.plist;
				LD_RUNPATH_SEARCH_PATHS = (
					"$(inherited)",
					"@executable_path/Frameworks",
				);
				PRODUCT_BUNDLE_IDENTIFIER = ca.charland.TodoistTaskAdder;
				PRODUCT_NAME = "$(TARGET_NAME)";
				SWIFT_VERSION = 5.0;
				TARGETED_DEVICE_FAMILY = "1,2";
			};
			name = Debug;
		};
		4C5DBFCD230FF4250082BA48 /* Release */ = {
			isa = XCBuildConfiguration;
			baseConfigurationReference = D77006952DEAA1A6BDE5BA12 /* Pods-TodoistTaskAdder.release.xcconfig */;
			buildSettings = {
				ASSETCATALOG_COMPILER_APPICON_NAME = AppIcon;
				CODE_SIGN_STYLE = Automatic;
				DEVELOPMENT_TEAM = CY96495443;
				INFOPLIST_FILE = TodoistTaskAdder/Info.plist;
				LD_RUNPATH_SEARCH_PATHS = (
					"$(inherited)",
					"@executable_path/Frameworks",
				);
				PRODUCT_BUNDLE_IDENTIFIER = ca.charland.TodoistTaskAdder;
				PRODUCT_NAME = "$(TARGET_NAME)";
				SWIFT_VERSION = 5.0;
				TARGETED_DEVICE_FAMILY = "1,2";
			};
			name = Release;
		};
/* End XCBuildConfiguration section */

/* Begin XCConfigurationList section */
		4C5DBFB2230FF4250082BA48 /* Build configuration list for PBXProject "TodoistTaskAdder" */ = {
			isa = XCConfigurationList;
			buildConfigurations = (
				4C5DBFC9230FF4250082BA48 /* Debug */,
				4C5DBFCA230FF4250082BA48 /* Release */,
			);
			defaultConfigurationIsVisible = 0;
			defaultConfigurationName = Release;
		};
		4C5DBFCB230FF4250082BA48 /* Build configuration list for PBXNativeTarget "TodoistTaskAdder" */ = {
			isa = XCConfigurationList;
			buildConfigurations = (
				4C5DBFCC230FF4250082BA48 /* Debug */,
				4C5DBFCD230FF4250082BA48 /* Release */,
			);
			defaultConfigurationIsVisible = 0;
			defaultConfigurationName = Release;
		};
/* End XCConfigurationList section */
	};
	rootObject = 4C5DBFAF230FF4250082BA48 /* Project object */;
}
